
Microsoft Visual Studio Solution File, Format Version 12.00
# Visual Studio 14
VisualStudioVersion = 14.0.25123.0
MinimumVisualStudioVersion = 10.0.40219.1
Project("{FAE04EC0-301F-11D3-BF4B-00C04F79EFBC}") = "Snake", "Snake\Snake.csproj", "{DA9890DB-8DB1-4C6B-8AFA-012DD9CD158B}"
EndProject
Global
	GlobalSection(SolutionConfigurationPlatforms) = preSolution
		Debug|Any CPU = Debug|Any CPU
		Release|Any CPU = Release|Any CPU
	EndGlobalSection
	GlobalSection(ProjectConfigurationPlatforms) = postSolution
		{DA9890DB-8DB1-4C6B-8AFA-012DD9CD158B}.Debug|Any CPU.ActiveCfg = Debug|Any CPU
		{DA9890DB-8DB1-4C6B-8AFA-012DD9CD158B}.Debug|Any CPU.Build.0 = Debug|Any CPU
		{DA9890DB-8DB1-4C6B-8AFA-012DD9CD158B}.Release|Any CPU.ActiveCfg = Release|Any CPU
		{DA9890DB-8DB1-4C6B-8AFA-012DD9CD158B}.Release|Any CPU.Build.0 = Release|Any CPU
	EndGlobalSection
	GlobalSection(SolutionProperties) = preSolution
		HideSolutionNode = FALSE
	EndGlobalSection
EndGlobal
